
Microsoft Visual Studio Solution File, Format Version 12.00
# Visual Studio 15
VisualStudioVersion = 15.0.27004.2006
MinimumVisualStudioVersion = 10.0.40219.1
Project("{FAE04EC0-301F-11D3-BF4B-00C04F79EFBC}") = "GenController.Uwp", "GenController.Uwp\GenController.Uwp.csproj", "{EDD3B2DF-07B9-42C2-B8C4-11AD27723699}"
EndProject
Project("{FAE04EC0-301F-11D3-BF4B-00C04F79EFBC}") = "GenController.Portable", "GenController.Portable\GenController.Portable.csproj", "{29E03921-5641-4845-B02F-F1071BCC4408}"
EndProject
Project("{FAE04EC0-301F-11D3-BF4B-00C04F79EFBC}") = "GenController.Portable.Tests", "GenController.Portable.Tests\GenController.Portable.Tests.csproj", "{154B706B-AB06-4E49-98F8-033959C69F63}"
EndProject
Project("{FAE04EC0-301F-11D3-BF4B-00C04F79EFBC}") = "Catnap.Server", "Catnap.Server\Catnap.Server\Catnap.Server\Catnap.Server.csproj", "{1ED5F504-DBE7-45FE-A968-F3F71B26B67E}"
EndProject
Project("{FAE04EC0-301F-11D3-BF4B-00C04F79EFBC}") = "GenController.MockHardware", "GenController.MockHardware\GenController.MockHardware.csproj", "{02F991CA-29BB-4D76-950C-7212A9CFD961}"
EndProject
Project("{FAE04EC0-301F-11D3-BF4B-00C04F79EFBC}") = "IotFrosting", "IotFrosting\IotFrosting\IotFrosting.csproj", "{0BAB3BD0-A6FD-4FB8-9F70-248435139630}"
EndProject
Global
	GlobalSection(SolutionConfigurationPlatforms) = preSolution
		Debug|Any CPU = Debug|Any CPU
		Debug|ARM = Debug|ARM
		Debug|x64 = Debug|x64
		Debug|x86 = Debug|x86
		Release|Any CPU = Release|Any CPU
		Release|ARM = Release|ARM
		Release|x64 = Release|x64
		Release|x86 = Release|x86
	EndGlobalSection
	GlobalSection(ProjectConfigurationPlatforms) = postSolution
		{EDD3B2DF-07B9-42C2-B8C4-11AD27723699}.Debug|Any CPU.ActiveCfg = Debug|x86
		{EDD3B2DF-07B9-42C2-B8C4-11AD27723699}.Debug|ARM.ActiveCfg = Debug|ARM
		{EDD3B2DF-07B9-42C2-B8C4-11AD27723699}.Debug|ARM.Build.0 = Debug|ARM
		{EDD3B2DF-07B9-42C2-B8C4-11AD27723699}.Debug|ARM.Deploy.0 = Debug|ARM
		{EDD3B2DF-07B9-42C2-B8C4-11AD27723699}.Debug|x64.ActiveCfg = Debug|x64
		{EDD3B2DF-07B9-42C2-B8C4-11AD27723699}.Debug|x64.Build.0 = Debug|x64
		{EDD3B2DF-07B9-42C2-B8C4-11AD27723699}.Debug|x64.Deploy.0 = Debug|x64
		{EDD3B2DF-07B9-42C2-B8C4-11AD27723699}.Debug|x86.ActiveCfg = Debug|x86
		{EDD3B2DF-07B9-42C2-B8C4-11AD27723699}.Debug|x86.Build.0 = Debug|x86
		{EDD3B2DF-07B9-42C2-B8C4-11AD27723699}.Debug|x86.Deploy.0 = Debug|x86
		{EDD3B2DF-07B9-42C2-B8C4-11AD27723699}.Release|Any CPU.ActiveCfg = Release|x86
		{EDD3B2DF-07B9-42C2-B8C4-11AD27723699}.Release|ARM.ActiveCfg = Release|ARM
		{EDD3B2DF-07B9-42C2-B8C4-11AD27723699}.Release|ARM.Build.0 = Release|ARM
		{EDD3B2DF-07B9-42C2-B8C4-11AD27723699}.Release|ARM.Deploy.0 = Release|ARM
		{EDD3B2DF-07B9-42C2-B8C4-11AD27723699}.Release|x64.ActiveCfg = Release|x64
		{EDD3B2DF-07B9-42C2-B8C4-11AD27723699}.Release|x64.Build.0 = Release|x64
		{EDD3B2DF-07B9-42C2-B8C4-11AD27723699}.Release|x64.Deploy.0 = Release|x64
		{EDD3B2DF-07B9-42C2-B8C4-11AD27723699}.Release|x86.ActiveCfg = Release|x86
		{EDD3B2DF-07B9-42C2-B8C4-11AD27723699}.Release|x86.Build.0 = Release|x86
		{EDD3B2DF-07B9-42C2-B8C4-11AD27723699}.Release|x86.Deploy.0 = Release|x86
		{29E03921-5641-4845-B02F-F1071BCC4408}.Debug|Any CPU.ActiveCfg = Debug|Any CPU
		{29E03921-5641-4845-B02F-F1071BCC4408}.Debug|Any CPU.Build.0 = Debug|Any CPU
		{29E03921-5641-4845-B02F-F1071BCC4408}.Debug|ARM.ActiveCfg = Debug|Any CPU
		{29E03921-5641-4845-B02F-F1071BCC4408}.Debug|ARM.Build.0 = Debug|Any CPU
		{29E03921-5641-4845-B02F-F1071BCC4408}.Debug|x64.ActiveCfg = Debug|Any CPU
		{29E03921-5641-4845-B02F-F1071BCC4408}.Debug|x64.Build.0 = Debug|Any CPU
		{29E03921-5641-4845-B02F-F1071BCC4408}.Debug|x86.ActiveCfg = Debug|Any CPU
		{29E03921-5641-4845-B02F-F1071BCC4408}.Debug|x86.Build.0 = Debug|Any CPU
		{29E03921-5641-4845-B02F-F1071BCC4408}.Release|Any CPU.ActiveCfg = Release|Any CPU
		{29E03921-5641-4845-B02F-F1071BCC4408}.Release|Any CPU.Build.0 = Release|Any CPU
		{29E03921-5641-4845-B02F-F1071BCC4408}.Release|ARM.ActiveCfg = Release|Any CPU
		{29E03921-5641-4845-B02F-F1071BCC4408}.Release|ARM.Build.0 = Release|Any CPU
		{29E03921-5641-4845-B02F-F1071BCC4408}.Release|x64.ActiveCfg = Release|Any CPU
		{29E03921-5641-4845-B02F-F1071BCC4408}.Release|x64.Build.0 = Release|Any CPU
		{29E03921-5641-4845-B02F-F1071BCC4408}.Release|x86.ActiveCfg = Release|Any CPU
		{29E03921-5641-4845-B02F-F1071BCC4408}.Release|x86.Build.0 = Release|Any CPU
		{154B706B-AB06-4E49-98F8-033959C69F63}.Debug|Any CPU.ActiveCfg = Debug|Any CPU
		{154B706B-AB06-4E49-98F8-033959C69F63}.Debug|Any CPU.Build.0 = Debug|Any CPU
		{154B706B-AB06-4E49-98F8-033959C69F63}.Debug|ARM.ActiveCfg = Debug|Any CPU
		{154B706B-AB06-4E49-98F8-033959C69F63}.Debug|ARM.Build.0 = Debug|Any CPU
		{154B706B-AB06-4E49-98F8-033959C69F63}.Debug|x64.ActiveCfg = Debug|Any CPU
		{154B706B-AB06-4E49-98F8-033959C69F63}.Debug|x64.Build.0 = Debug|Any CPU
		{154B706B-AB06-4E49-98F8-033959C69F63}.Debug|x86.ActiveCfg = Debug|Any CPU
		{154B706B-AB06-4E49-98F8-033959C69F63}.Debug|x86.Build.0 = Debug|Any CPU
		{154B706B-AB06-4E49-98F8-033959C69F63}.Release|Any CPU.ActiveCfg = Release|Any CPU
		{154B706B-AB06-4E49-98F8-033959C69F63}.Release|Any CPU.Build.0 = Release|Any CPU
		{154B706B-AB06-4E49-98F8-033959C69F63}.Release|ARM.ActiveCfg = Release|Any CPU
		{154B706B-AB06-4E49-98F8-033959C69F63}.Release|ARM.Build.0 = Release|Any CPU
		{154B706B-AB06-4E49-98F8-033959C69F63}.Release|x64.ActiveCfg = Release|Any CPU
		{154B706B-AB06-4E49-98F8-033959C69F63}.Release|x64.Build.0 = Release|Any CPU
		{154B706B-AB06-4E49-98F8-033959C69F63}.Release|x86.ActiveCfg = Release|Any CPU
		{154B706B-AB06-4E49-98F8-033959C69F63}.Release|x86.Build.0 = Release|Any CPU
		{1ED5F504-DBE7-45FE-A968-F3F71B26B67E}.Debug|Any CPU.ActiveCfg = Debug|Any CPU
		{1ED5F504-DBE7-45FE-A968-F3F71B26B67E}.Debug|Any CPU.Build.0 = Debug|Any CPU
		{1ED5F504-DBE7-45FE-A968-F3F71B26B67E}.Debug|ARM.ActiveCfg = Debug|ARM
		{1ED5F504-DBE7-45FE-A968-F3F71B26B67E}.Debug|ARM.Build.0 = Debug|ARM
		{1ED5F504-DBE7-45FE-A968-F3F71B26B67E}.Debug|x64.ActiveCfg = Debug|x64
		{1ED5F504-DBE7-45FE-A968-F3F71B26B67E}.Debug|x64.Build.0 = Debug|x64
		{1ED5F504-DBE7-45FE-A968-F3F71B26B67E}.Debug|x86.ActiveCfg = Debug|x86
		{1ED5F504-DBE7-45FE-A968-F3F71B26B67E}.Debug|x86.Build.0 = Debug|x86
		{1ED5F504-DBE7-45FE-A968-F3F71B26B67E}.Release|Any CPU.ActiveCfg = Release|Any CPU
		{1ED5F504-DBE7-45FE-A968-F3F71B26B67E}.Release|Any CPU.Build.0 = Release|Any CPU
		{1ED5F504-DBE7-45FE-A968-F3F71B26B67E}.Release|ARM.ActiveCfg = Release|ARM
		{1ED5F504-DBE7-45FE-A968-F3F71B26B67E}.Release|ARM.Build.0 = Release|ARM
		{1ED5F504-DBE7-45FE-A968-F3F71B26B67E}.Release|x64.ActiveCfg = Release|x64
		{1ED5F504-DBE7-45FE-A968-F3F71B26B67E}.Release|x64.Build.0 = Release|x64
		{1ED5F504-DBE7-45FE-A968-F3F71B26B67E}.Release|x86.ActiveCfg = Release|x86
		{1ED5F504-DBE7-45FE-A968-F3F71B26B67E}.Release|x86.Build.0 = Release|x86
		{02F991CA-29BB-4D76-950C-7212A9CFD961}.Debug|Any CPU.ActiveCfg = Debug|x86
		{02F991CA-29BB-4D76-950C-7212A9CFD961}.Debug|ARM.ActiveCfg = Debug|ARM
		{02F991CA-29BB-4D76-950C-7212A9CFD961}.Debug|ARM.Build.0 = Debug|ARM
		{02F991CA-29BB-4D76-950C-7212A9CFD961}.Debug|ARM.Deploy.0 = Debug|ARM
		{02F991CA-29BB-4D76-950C-7212A9CFD961}.Debug|x64.ActiveCfg = Debug|x64
		{02F991CA-29BB-4D76-950C-7212A9CFD961}.Debug|x64.Build.0 = Debug|x64
		{02F991CA-29BB-4D76-950C-7212A9CFD961}.Debug|x64.Deploy.0 = Debug|x64
		{02F991CA-29BB-4D76-950C-7212A9CFD961}.Debug|x86.ActiveCfg = Debug|x86
		{02F991CA-29BB-4D76-950C-7212A9CFD961}.Debug|x86.Build.0 = Debug|x86
		{02F991CA-29BB-4D76-950C-7212A9CFD961}.Debug|x86.Deploy.0 = Debug|x86
		{02F991CA-29BB-4D76-950C-7212A9CFD961}.Release|Any CPU.ActiveCfg = Release|x86
		{02F991CA-29BB-4D76-950C-7212A9CFD961}.Release|ARM.ActiveCfg = Release|ARM
		{02F991CA-29BB-4D76-950C-7212A9CFD961}.Release|ARM.Build.0 = Release|ARM
		{02F991CA-29BB-4D76-950C-7212A9CFD961}.Release|ARM.Deploy.0 = Release|ARM
		{02F991CA-29BB-4D76-950C-7212A9CFD961}.Release|x64.ActiveCfg = Release|x64
		{02F991CA-29BB-4D76-950C-7212A9CFD961}.Release|x64.Build.0 = Release|x64
		{02F991CA-29BB-4D76-950C-7212A9CFD961}.Release|x64.Deploy.0 = Release|x64
		{02F991CA-29BB-4D76-950C-7212A9CFD961}.Release|x86.ActiveCfg = Release|x86
		{02F991CA-29BB-4D76-950C-7212A9CFD961}.Release|x86.Build.0 = Release|x86
		{02F991CA-29BB-4D76-950C-7212A9CFD961}.Release|x86.Deploy.0 = Release|x86
		{0BAB3BD0-A6FD-4FB8-9F70-248435139630}.Debug|Any CPU.ActiveCfg = Debug|Any CPU
		{0BAB3BD0-A6FD-4FB8-9F70-248435139630}.Debug|Any CPU.Build.0 = Debug|Any CPU
		{0BAB3BD0-A6FD-4FB8-9F70-248435139630}.Debug|ARM.ActiveCfg = Debug|ARM
		{0BAB3BD0-A6FD-4FB8-9F70-248435139630}.Debug|ARM.Build.0 = Debug|ARM
		{0BAB3BD0-A6FD-4FB8-9F70-248435139630}.Debug|x64.ActiveCfg = Debug|x64
		{0BAB3BD0-A6FD-4FB8-9F70-248435139630}.Debug|x64.Build.0 = Debug|x64
		{0BAB3BD0-A6FD-4FB8-9F70-248435139630}.Debug|x86.ActiveCfg = Debug|x86
		{0BAB3BD0-A6FD-4FB8-9F70-248435139630}.Debug|x86.Build.0 = Debug|x86
		{0BAB3BD0-A6FD-4FB8-9F70-248435139630}.Release|Any CPU.ActiveCfg = Release|Any CPU
		{0BAB3BD0-A6FD-4FB8-9F70-248435139630}.Release|Any CPU.Build.0 = Release|Any CPU
		{0BAB3BD0-A6FD-4FB8-9F70-248435139630}.Release|ARM.ActiveCfg = Release|ARM
		{0BAB3BD0-A6FD-4FB8-9F70-248435139630}.Release|ARM.Build.0 = Release|ARM
		{0BAB3BD0-A6FD-4FB8-9F70-248435139630}.Release|x64.ActiveCfg = Release|x64
		{0BAB3BD0-A6FD-4FB8-9F70-248435139630}.Release|x64.Build.0 = Release|x64
		{0BAB3BD0-A6FD-4FB8-9F70-248435139630}.Release|x86.ActiveCfg = Release|x86
		{0BAB3BD0-A6FD-4FB8-9F70-248435139630}.Release|x86.Build.0 = Release|x86
	EndGlobalSection
	GlobalSection(SolutionProperties) = preSolution
		HideSolutionNode = FALSE
	EndGlobalSection
	GlobalSection(ExtensibilityGlobals) = postSolution
		SolutionGuid = {129C6691-B187-4755-9B29-EE0A7799BE36}
	EndGlobalSection
EndGlobal
